// !$*UTF8*$!
{
	archiveVersion = 1;
	classes = {
	};
	objectVersion = 55;
	objects = {

/* Begin PBXBuildFile section */
		B85ECF2428E6BE340095B878 /* KeratitViewController.swift in Sources */ = {isa = PBXBuildFile; fileRef = B85ECF2328E6BE340095B878 /* KeratitViewController.swift */; };
		B85ECF2628E6C29C0095B878 /* konusViewController.swift in Sources */ = {isa = PBXBuildFile; fileRef = B85ECF2528E6C29C0095B878 /* konusViewController.swift */; };
		B85ECF2828E6C4910095B878 /* rosaViewController.swift in Sources */ = {isa = PBXBuildFile; fileRef = B85ECF2728E6C4910095B878 /* rosaViewController.swift */; };
		B85ECF2F28E716E80095B878 /* Приобретен.pdf in Resources */ = {isa = PBXBuildFile; fileRef = B85ECF2B28E716E80095B878 /* Приобретен.pdf */; };
		B85ECF3028E716E80095B878 /* Вывих и подвывих хрусталика.pdf in Resources */ = {isa = PBXBuildFile; fileRef = B85ECF2C28E716E80095B878 /* Вывих и подвывих хрусталика.pdf */; };
		B85ECF3128E716E80095B878 /* Врожден.pdf in Resources */ = {isa = PBXBuildFile; fileRef = B85ECF2D28E716E80095B878 /* Врожден.pdf */; };
		B85ECF3228E716E80095B878 /* Афакия и артифакия.pdf in Resources */ = {isa = PBXBuildFile; fileRef = B85ECF2E28E716E80095B878 /* Афакия и артифакия.pdf */; };
		B85ECF3428E7176A0095B878 /* VrozdViewController.swift in Sources */ = {isa = PBXBuildFile; fileRef = B85ECF3328E7176A0095B878 /* VrozdViewController.swift */; };
		B85ECF3628E719030095B878 /* priobrViewController.swift in Sources */ = {isa = PBXBuildFile; fileRef = B85ECF3528E719030095B878 /* priobrViewController.swift */; };
		B85ECF3828E71A910095B878 /* vivixViewController.swift in Sources */ = {isa = PBXBuildFile; fileRef = B85ECF3728E71A910095B878 /* vivixViewController.swift */; };
		B85ECF3A28E71B9F0095B878 /* VtorKatViewController.swift in Sources */ = {isa = PBXBuildFile; fileRef = B85ECF3928E71B9F0095B878 /* VtorKatViewController.swift */; };
		B85ECF4128E8497F0095B878 /* Опухоли сетчатки.pdf in Resources */ = {isa = PBXBuildFile; fileRef = B85ECF3C28E8497E0095B878 /* Опухоли сетчатки.pdf */; };
		B85ECF4228E8497F0095B878 /* Отслойка сетчатки.pdf in Resources */ = {isa = PBXBuildFile; fileRef = B85ECF3D28E8497E0095B878 /* Отслойка сетчатки.pdf */; };
		B85ECF4328E8497F0095B878 /* Периферические дегенерации сетчатки.pdf in Resources */ = {isa = PBXBuildFile; fileRef = B85ECF3E28E8497E0095B878 /* Периферические дегенерации сетчатки.pdf */; };
		B85ECF4428E8497F0095B878 /* Центальная серозная хориоретинопатия.pdf in Resources */ = {isa = PBXBuildFile; fileRef = B85ECF3F28E8497E0095B878 /* Центальная серозная хориоретинопатия.pdf */; };
		B85ECF4528E8497F0095B878 /* Дистрофии сетчатки.pdf in Resources */ = {isa = PBXBuildFile; fileRef = B85ECF4028E8497E0095B878 /* Дистрофии сетчатки.pdf */; };
		B85ECF4728E84AD20095B878 /* otsloikaViewController.swift in Sources */ = {isa = PBXBuildFile; fileRef = B85ECF4628E84AD20095B878 /* otsloikaViewController.swift */; };
		B85ECF4928E84C710095B878 /* CenterViewController.swift in Sources */ = {isa = PBXBuildFile; fileRef = B85ECF4828E84C710095B878 /* CenterViewController.swift */; };
		B85ECF4B28E84D910095B878 /* OpuxoliSetViewController.swift in Sources */ = {isa = PBXBuildFile; fileRef = B85ECF4A28E84D910095B878 /* OpuxoliSetViewController.swift */; };
		B85ECF4D28E84F860095B878 /* abiotrophViewController.swift in Sources */ = {isa = PBXBuildFile; fileRef = B85ECF4C28E84F860095B878 /* abiotrophViewController.swift */; };
		B85ECF4F28E850540095B878 /* PeriferViewController.swift in Sources */ = {isa = PBXBuildFile; fileRef = B85ECF4E28E850540095B878 /* PeriferViewController.swift */; };
		B85ECF5928E8BCD10095B878 /* вмд.pdf in Resources */ = {isa = PBXBuildFile; fileRef = B85ECF5128E8BCD10095B878 /* вмд.pdf */; };
		B85ECF5A28E8BCD10095B878 /* ЭМ.pdf in Resources */ = {isa = PBXBuildFile; fileRef = B85ECF5228E8BCD10095B878 /* ЭМ.pdf */; };
		B85ECF5B28E8BCD10095B878 /* ВМС.pdf in Resources */ = {isa = PBXBuildFile; fileRef = B85ECF5328E8BCD10095B878 /* ВМС.pdf */; };
		B85ECF5C28E8BCD10095B878 /* АП.pdf in Resources */ = {isa = PBXBuildFile; fileRef = B85ECF5428E8BCD10095B878 /* АП.pdf */; };
		B85ECF5D28E8BCD10095B878 /* Дегенерации при миопии.pdf in Resources */ = {isa = PBXBuildFile; fileRef = B85ECF5528E8BCD10095B878 /* Дегенерации при миопии.pdf */; };
		B85ECF5E28E8BCD10095B878 /* КМО.pdf in Resources */ = {isa = PBXBuildFile; fileRef = B85ECF5628E8BCD10095B878 /* КМО.pdf */; };
		B85ECF5F28E8BCD10095B878 /* ХС.pdf in Resources */ = {isa = PBXBuildFile; fileRef = B85ECF5728E8BCD10095B878 /* ХС.pdf */; };
		B85ECF6028E8BCD10095B878 /* МР.pdf in Resources */ = {isa = PBXBuildFile; fileRef = B85ECF5828E8BCD10095B878 /* МР.pdf */; };
		B85ECF6228E8BD300095B878 /* VMDViewController.swift in Sources */ = {isa = PBXBuildFile; fileRef = B85ECF6128E8BD300095B878 /* VMDViewController.swift */; };
		B85ECF6428E8BE2A0095B878 /* macRazViewController.swift in Sources */ = {isa = PBXBuildFile; fileRef = B85ECF6328E8BE2A0095B878 /* macRazViewController.swift */; };
		B85ECF6628E8BF2F0095B878 /* KMOViewController.swift in Sources */ = {isa = PBXBuildFile; fileRef = B85ECF6528E8BF2F0095B878 /* KMOViewController.swift */; };
		B85ECF6828E8C0970095B878 /* epiRetViewController.swift in Sources */ = {isa = PBXBuildFile; fileRef = B85ECF6728E8C0970095B878 /* epiRetViewController.swift */; };
		B85ECF6A28E8C1240095B878 /* DegMyoViewController.swift in Sources */ = {isa = PBXBuildFile; fileRef = B85ECF6928E8C1240095B878 /* DegMyoViewController.swift */; };
		B85ECF6C28E8C2460095B878 /* AngioPolViewController.swift in Sources */ = {isa = PBXBuildFile; fileRef = B85ECF6B28E8C2460095B878 /* AngioPolViewController.swift */; };
		B85ECF6E28E8C2F10095B878 /* ChorScladViewController.swift in Sources */ = {isa = PBXBuildFile; fileRef = B85ECF6D28E8C2F10095B878 /* ChorScladViewController.swift */; };
		B85ECF7128E8C35E0095B878 /* VMSViewController.swift in Sources */ = {isa = PBXBuildFile; fileRef = B85ECF7028E8C35E0095B878 /* VMSViewController.swift */; };
		B886273328DDDE4F00D228BB /* PtosViewController.swift in Sources */ = {isa = PBXBuildFile; fileRef = B886273228DDDE4F00D228BB /* PtosViewController.swift */; };
		B886273528DDE2BA00D228BB /* Птоз.pdf in Resources */ = {isa = PBXBuildFile; fileRef = B886273428DDE2BA00D228BB /* Птоз.pdf */; };
		B8A3CEBA28E5893000A4DC05 /* OpuholiViewController.swift in Sources */ = {isa = PBXBuildFile; fileRef = B8A3CEB928E5893000A4DC05 /* OpuholiViewController.swift */; };
		B8A3CEBC28E58AE400A4DC05 /* Опухоли век.pdf in Resources */ = {isa = PBXBuildFile; fileRef = B8A3CEBB28E58AE400A4DC05 /* Опухоли век.pdf */; };
		B8A3CEBE28E58BCB00A4DC05 /* Блефарит.pdf in Resources */ = {isa = PBXBuildFile; fileRef = B8A3CEBD28E58BCB00A4DC05 /* Блефарит.pdf */; };
		B8A3CEC028E58C5900A4DC05 /* BlepharitViewController.swift in Sources */ = {isa = PBXBuildFile; fileRef = B8A3CEBF28E58C5900A4DC05 /* BlepharitViewController.swift */; };
		B8A3CEC228E58E7200A4DC05 /* ResnitsiViewController.swift in Sources */ = {isa = PBXBuildFile; fileRef = B8A3CEC128E58E7200A4DC05 /* ResnitsiViewController.swift */; };
		B8A3CEC628E58FFD00A4DC05 /* Патология ресниц.pdf in Resources */ = {isa = PBXBuildFile; fileRef = B8A3CEC528E58FFD00A4DC05 /* Патология ресниц.pdf */; };
		B8A3CECE28E5CBC200A4DC05 /* Гиперметропия.pdf in Resources */ = {isa = PBXBuildFile; fileRef = B8A3CEC928E5CBC100A4DC05 /* Гиперметропия.pdf */; };
		B8A3CECF28E5CBC200A4DC05 /* Миопия.pdf in Resources */ = {isa = PBXBuildFile; fileRef = B8A3CECA28E5CBC100A4DC05 /* Миопия.pdf */; };
		B8A3CED028E5CBC200A4DC05 /* Пресбиопия.pdf in Resources */ = {isa = PBXBuildFile; fileRef = B8A3CECB28E5CBC100A4DC05 /* Пресбиопия.pdf */; };
		B8A3CED128E5CBC200A4DC05 /* Спазм аккомодации.pdf in Resources */ = {isa = PBXBuildFile; fileRef = B8A3CECC28E5CBC200A4DC05 /* Спазм аккомодации.pdf */; };
		B8A3CED228E5CBC200A4DC05 /* Астигматизм.pdf in Resources */ = {isa = PBXBuildFile; fileRef = B8A3CECD28E5CBC200A4DC05 /* Астигматизм.pdf */; };
		B8A3CED428E5CC6300A4DC05 /* MyopiaViewController.swift in Sources */ = {isa = PBXBuildFile; fileRef = B8A3CED328E5CC6300A4DC05 /* MyopiaViewController.swift */; };
		B8A3CED628E5CD6300A4DC05 /* HypermetropiaViewController.swift in Sources */ = {isa = PBXBuildFile; fileRef = B8A3CED528E5CD6300A4DC05 /* HypermetropiaViewController.swift */; };
		B8A3CED828E5CE4F00A4DC05 /* AstigmatismViewController.swift in Sources */ = {isa = PBXBuildFile; fileRef = B8A3CED728E5CE4F00A4DC05 /* AstigmatismViewController.swift */; };
		B8A3CEDA28E5CF5800A4DC05 /* SpasmViewController.swift in Sources */ = {isa = PBXBuildFile; fileRef = B8A3CED928E5CF5800A4DC05 /* SpasmViewController.swift */; };
		B8A3CEDE28E5EE5600A4DC05 /* EpiscleritViewController.swift in Sources */ = {isa = PBXBuildFile; fileRef = B8A3CEDD28E5EE5600A4DC05 /* EpiscleritViewController.swift */; };
		B8A3CEE228E5EF0500A4DC05 /* СКЛЕРИТ.pdf in Resources */ = {isa = PBXBuildFile; fileRef = B8A3CEDF28E5EF0400A4DC05 /* СКЛЕРИТ.pdf */; };
		B8A3CEE328E5EF0500A4DC05 /* Эписклерит.pdf in Resources */ = {isa = PBXBuildFile; fileRef = B8A3CEE028E5EF0400A4DC05 /* Эписклерит.pdf */; };
		B8A3CEE428E5EF0500A4DC05 /* Нарушения развития и аномалии склеры.pdf in Resources */ = {isa = PBXBuildFile; fileRef = B8A3CEE128E5EF0500A4DC05 /* Нарушения развития и аномалии склеры.pdf */; };
		B8A3CEE628E5EFA300A4DC05 /* ScleritViewController.swift in Sources */ = {isa = PBXBuildFile; fileRef = B8A3CEE528E5EFA300A4DC05 /* ScleritViewController.swift */; };
		B8A3CEE828E5F05F00A4DC05 /* ScleraViewController.swift in Sources */ = {isa = PBXBuildFile; fileRef = B8A3CEE728E5F05F00A4DC05 /* ScleraViewController.swift */; };
		B8A3CEEB28E5F75D00A4DC05 /* Бактериальный кератит.pdf in Resources */ = {isa = PBXBuildFile; fileRef = B8A3CEEA28E5F75D00A4DC05 /* Бактериальный кератит.pdf */; };
		B8A3CEEE28E5F92C00A4DC05 /* Розацеа кератит.pdf in Resources */ = {isa = PBXBuildFile; fileRef = B8A3CEEC28E5F92C00A4DC05 /* Розацеа кератит.pdf */; };
		B8A3CEEF28E5F92C00A4DC05 /* Кератоконус и кератоглобус.pdf in Resources */ = {isa = PBXBuildFile; fileRef = B8A3CEED28E5F92C00A4DC05 /* Кератоконус и кератоглобус.pdf */; };
		B8CFD576287C2798005B9FF5 /* Assets.xcassets in Resources */ = {isa = PBXBuildFile; fileRef = B8F266712767EB03005BB97D /* Assets.xcassets */; };
		B8F266692767EB02005BB97D /* AppDelegate.swift in Sources */ = {isa = PBXBuildFile; fileRef = B8F266682767EB02005BB97D /* AppDelegate.swift */; };
		B8F2666B2767EB02005BB97D /* SceneDelegate.swift in Sources */ = {isa = PBXBuildFile; fileRef = B8F2666A2767EB02005BB97D /* SceneDelegate.swift */; };
		B8F2666D2767EB02005BB97D /* ViewController.swift in Sources */ = {isa = PBXBuildFile; fileRef = B8F2666C2767EB02005BB97D /* ViewController.swift */; };
		B8F266702767EB02005BB97D /* Main.storyboard in Resources */ = {isa = PBXBuildFile; fileRef = B8F2666E2767EB02005BB97D /* Main.storyboard */; };
		B8F266752767EB03005BB97D /* LaunchScreen.storyboard in Resources */ = {isa = PBXBuildFile; fileRef = B8F266732767EB03005BB97D /* LaunchScreen.storyboard */; };
/* End PBXBuildFile section */

/* Begin PBXFileReference section */
		B85ECF2328E6BE340095B878 /* KeratitViewController.swift */ = {isa = PBXFileReference; lastKnownFileType = sourcecode.swift; path = KeratitViewController.swift; sourceTree = "<group>"; };
		B85ECF2528E6C29C0095B878 /* konusViewController.swift */ = {isa = PBXFileReference; lastKnownFileType = sourcecode.swift; path = konusViewController.swift; sourceTree = "<group>"; };
		B85ECF2728E6C4910095B878 /* rosaViewController.swift */ = {isa = PBXFileReference; lastKnownFileType = sourcecode.swift; path = rosaViewController.swift; sourceTree = "<group>"; };
		B85ECF2B28E716E80095B878 /* Приобретен.pdf */ = {isa = PBXFileReference; lastKnownFileType = image.pdf; path = "Приобретен.pdf"; sourceTree = "<group>"; };
		B85ECF2C28E716E80095B878 /* Вывих и подвывих хрусталика.pdf */ = {isa = PBXFileReference; lastKnownFileType = image.pdf; path = "Вывих и подвывих хрусталика.pdf"; sourceTree = "<group>"; };
		B85ECF2D28E716E80095B878 /* Врожден.pdf */ = {isa = PBXFileReference; lastKnownFileType = image.pdf; path = "Врожден.pdf"; sourceTree = "<group>"; };
		B85ECF2E28E716E80095B878 /* Афакия и артифакия.pdf */ = {isa = PBXFileReference; lastKnownFileType = image.pdf; path = "Афакия и артифакия.pdf"; sourceTree = "<group>"; };
		B85ECF3328E7176A0095B878 /* VrozdViewController.swift */ = {isa = PBXFileReference; lastKnownFileType = sourcecode.swift; path = VrozdViewController.swift; sourceTree = "<group>"; };
		B85ECF3528E719030095B878 /* priobrViewController.swift */ = {isa = PBXFileReference; lastKnownFileType = sourcecode.swift; path = priobrViewController.swift; sourceTree = "<group>"; };
		B85ECF3728E71A910095B878 /* vivixViewController.swift */ = {isa = PBXFileReference; lastKnownFileType = sourcecode.swift; path = vivixViewController.swift; sourceTree = "<group>"; };
		B85ECF3928E71B9F0095B878 /* VtorKatViewController.swift */ = {isa = PBXFileReference; lastKnownFileType = sourcecode.swift; path = VtorKatViewController.swift; sourceTree = "<group>"; };
		B85ECF3C28E8497E0095B878 /* Опухоли сетчатки.pdf */ = {isa = PBXFileReference; lastKnownFileType = image.pdf; path = "Опухоли сетчатки.pdf"; sourceTree = "<group>"; };
		B85ECF3D28E8497E0095B878 /* Отслойка сетчатки.pdf */ = {isa = PBXFileReference; lastKnownFileType = image.pdf; path = "Отслойка сетчатки.pdf"; sourceTree = "<group>"; };
		B85ECF3E28E8497E0095B878 /* Периферические дегенерации сетчатки.pdf */ = {isa = PBXFileReference; lastKnownFileType = image.pdf; path = "Периферические дегенерации сетчатки.pdf"; sourceTree = "<group>"; };
		B85ECF3F28E8497E0095B878 /* Центальная серозная хориоретинопатия.pdf */ = {isa = PBXFileReference; lastKnownFileType = image.pdf; path = "Центальная серозная хориоретинопатия.pdf"; sourceTree = "<group>"; };
		B85ECF4028E8497E0095B878 /* Дистрофии сетчатки.pdf */ = {isa = PBXFileReference; lastKnownFileType = image.pdf; path = "Дистрофии сетчатки.pdf"; sourceTree = "<group>"; };
		B85ECF4628E84AD20095B878 /* otsloikaViewController.swift */ = {isa = PBXFileReference; lastKnownFileType = sourcecode.swift; path = otsloikaViewController.swift; sourceTree = "<group>"; };
		B85ECF4828E84C710095B878 /* CenterViewController.swift */ = {isa = PBXFileReference; lastKnownFileType = sourcecode.swift; path = CenterViewController.swift; sourceTree = "<group>"; };
		B85ECF4A28E84D910095B878 /* OpuxoliSetViewController.swift */ = {isa = PBXFileReference; lastKnownFileType = sourcecode.swift; path = OpuxoliSetViewController.swift; sourceTree = "<group>"; };
		B85ECF4C28E84F860095B878 /* abiotrophViewController.swift */ = {isa = PBXFileReference; lastKnownFileType = sourcecode.swift; path = abiotrophViewController.swift; sourceTree = "<group>"; };
		B85ECF4E28E850540095B878 /* PeriferViewController.swift */ = {isa = PBXFileReference; lastKnownFileType = sourcecode.swift; path = PeriferViewController.swift; sourceTree = "<group>"; };
		B85ECF5128E8BCD10095B878 /* вмд.pdf */ = {isa = PBXFileReference; lastKnownFileType = image.pdf; path = "вмд.pdf"; sourceTree = "<group>"; };
		B85ECF5228E8BCD10095B878 /* ЭМ.pdf */ = {isa = PBXFileReference; lastKnownFileType = image.pdf; path = "ЭМ.pdf"; sourceTree = "<group>"; };
		B85ECF5328E8BCD10095B878 /* ВМС.pdf */ = {isa = PBXFileReference; lastKnownFileType = image.pdf; path = "ВМС.pdf"; sourceTree = "<group>"; };
		B85ECF5428E8BCD10095B878 /* АП.pdf */ = {isa = PBXFileReference; lastKnownFileType = image.pdf; path = "АП.pdf"; sourceTree = "<group>"; };
		B85ECF5528E8BCD10095B878 /* Дегенерации при миопии.pdf */ = {isa = PBXFileReference; lastKnownFileType = image.pdf; path = "Дегенерации при миопии.pdf"; sourceTree = "<group>"; };
		B85ECF5628E8BCD10095B878 /* КМО.pdf */ = {isa = PBXFileReference; lastKnownFileType = image.pdf; path = "КМО.pdf"; sourceTree = "<group>"; };
		B85ECF5728E8BCD10095B878 /* ХС.pdf */ = {isa = PBXFileReference; lastKnownFileType = image.pdf; path = "ХС.pdf"; sourceTree = "<group>"; };
		B85ECF5828E8BCD10095B878 /* МР.pdf */ = {isa = PBXFileReference; lastKnownFileType = image.pdf; path = "МР.pdf"; sourceTree = "<group>"; };
		B85ECF6128E8BD300095B878 /* VMDViewController.swift */ = {isa = PBXFileReference; lastKnownFileType = sourcecode.swift; path = VMDViewController.swift; sourceTree = "<group>"; };
		B85ECF6328E8BE2A0095B878 /* macRazViewController.swift */ = {isa = PBXFileReference; lastKnownFileType = sourcecode.swift; path = macRazViewController.swift; sourceTree = "<group>"; };
		B85ECF6528E8BF2F0095B878 /* KMOViewController.swift */ = {isa = PBXFileReference; lastKnownFileType = sourcecode.swift; path = KMOViewController.swift; sourceTree = "<group>"; };
		B85ECF6728E8C0970095B878 /* epiRetViewController.swift */ = {isa = PBXFileReference; lastKnownFileType = sourcecode.swift; path = epiRetViewController.swift; sourceTree = "<group>"; };
		B85ECF6928E8C1240095B878 /* DegMyoViewController.swift */ = {isa = PBXFileReference; lastKnownFileType = sourcecode.swift; path = DegMyoViewController.swift; sourceTree = "<group>"; };
		B85ECF6B28E8C2460095B878 /* AngioPolViewController.swift */ = {isa = PBXFileReference; lastKnownFileType = sourcecode.swift; path = AngioPolViewController.swift; sourceTree = "<group>"; };
		B85ECF6D28E8C2F10095B878 /* ChorScladViewController.swift */ = {isa = PBXFileReference; lastKnownFileType = sourcecode.swift; path = ChorScladViewController.swift; sourceTree = "<group>"; };
		B85ECF7028E8C35E0095B878 /* VMSViewController.swift */ = {isa = PBXFileReference; lastKnownFileType = sourcecode.swift; path = VMSViewController.swift; sourceTree = "<group>"; };
		B886273228DDDE4F00D228BB /* PtosViewController.swift */ = {isa = PBXFileReference; lastKnownFileType = sourcecode.swift; path = PtosViewController.swift; sourceTree = "<group>"; };
		B886273428DDE2BA00D228BB /* Птоз.pdf */ = {isa = PBXFileReference; lastKnownFileType = image.pdf; path = "Птоз.pdf"; sourceTree = "<group>"; };
		B8A3CEB928E5893000A4DC05 /* OpuholiViewController.swift */ = {isa = PBXFileReference; lastKnownFileType = sourcecode.swift; path = OpuholiViewController.swift; sourceTree = "<group>"; };
		B8A3CEBB28E58AE400A4DC05 /* Опухоли век.pdf */ = {isa = PBXFileReference; lastKnownFileType = image.pdf; path = "Опухоли век.pdf"; sourceTree = "<group>"; };
		B8A3CEBD28E58BCB00A4DC05 /* Блефарит.pdf */ = {isa = PBXFileReference; lastKnownFileType = image.pdf; path = "Блефарит.pdf"; sourceTree = "<group>"; };
		B8A3CEBF28E58C5900A4DC05 /* BlepharitViewController.swift */ = {isa = PBXFileReference; lastKnownFileType = sourcecode.swift; path = BlepharitViewController.swift; sourceTree = "<group>"; };
		B8A3CEC128E58E7200A4DC05 /* ResnitsiViewController.swift */ = {isa = PBXFileReference; lastKnownFileType = sourcecode.swift; path = ResnitsiViewController.swift; sourceTree = "<group>"; };
		B8A3CEC528E58FFD00A4DC05 /* Патология ресниц.pdf */ = {isa = PBXFileReference; lastKnownFileType = image.pdf; path = "Патология ресниц.pdf"; sourceTree = "<group>"; };
		B8A3CEC928E5CBC100A4DC05 /* Гиперметропия.pdf */ = {isa = PBXFileReference; lastKnownFileType = image.pdf; path = "Гиперметропия.pdf"; sourceTree = "<group>"; };
		B8A3CECA28E5CBC100A4DC05 /* Миопия.pdf */ = {isa = PBXFileReference; lastKnownFileType = image.pdf; path = "Миопия.pdf"; sourceTree = "<group>"; };
		B8A3CECB28E5CBC100A4DC05 /* Пресбиопия.pdf */ = {isa = PBXFileReference; lastKnownFileType = image.pdf; path = "Пресбиопия.pdf"; sourceTree = "<group>"; };
		B8A3CECC28E5CBC200A4DC05 /* Спазм аккомодации.pdf */ = {isa = PBXFileReference; lastKnownFileType = image.pdf; path = "Спазм аккомодации.pdf"; sourceTree = "<group>"; };
		B8A3CECD28E5CBC200A4DC05 /* Астигматизм.pdf */ = {isa = PBXFileReference; lastKnownFileType = image.pdf; path = "Астигматизм.pdf"; sourceTree = "<group>"; };
		B8A3CED328E5CC6300A4DC05 /* MyopiaViewController.swift */ = {isa = PBXFileReference; lastKnownFileType = sourcecode.swift; path = MyopiaViewController.swift; sourceTree = "<group>"; };
		B8A3CED528E5CD6300A4DC05 /* HypermetropiaViewController.swift */ = {isa = PBXFileReference; lastKnownFileType = sourcecode.swift; path = HypermetropiaViewController.swift; sourceTree = "<group>"; };
		B8A3CED728E5CE4F00A4DC05 /* AstigmatismViewController.swift */ = {isa = PBXFileReference; lastKnownFileType = sourcecode.swift; path = AstigmatismViewController.swift; sourceTree = "<group>"; };
		B8A3CED928E5CF5800A4DC05 /* SpasmViewController.swift */ = {isa = PBXFileReference; lastKnownFileType = sourcecode.swift; path = SpasmViewController.swift; sourceTree = "<group>"; };
		B8A3CEDD28E5EE5600A4DC05 /* EpiscleritViewController.swift */ = {isa = PBXFileReference; lastKnownFileType = sourcecode.swift; path = EpiscleritViewController.swift; sourceTree = "<group>"; };
		B8A3CEDF28E5EF0400A4DC05 /* СКЛЕРИТ.pdf */ = {isa = PBXFileReference; lastKnownFileType = image.pdf; path = "СКЛЕРИТ.pdf"; sourceTree = "<group>"; };
		B8A3CEE028E5EF0400A4DC05 /* Эписклерит.pdf */ = {isa = PBXFileReference; lastKnownFileType = image.pdf; path = "Эписклерит.pdf"; sourceTree = "<group>"; };
		B8A3CEE128E5EF0500A4DC05 /* Нарушения развития и аномалии склеры.pdf */ = {isa = PBXFileReference; lastKnownFileType = image.pdf; path = "Нарушения развития и аномалии склеры.pdf"; sourceTree = "<group>"; };
		B8A3CEE528E5EFA300A4DC05 /* ScleritViewController.swift */ = {isa = PBXFileReference; lastKnownFileType = sourcecode.swift; path = ScleritViewController.swift; sourceTree = "<group>"; };
		B8A3CEE728E5F05F00A4DC05 /* ScleraViewController.swift */ = {isa = PBXFileReference; lastKnownFileType = sourcecode.swift; path = ScleraViewController.swift; sourceTree = "<group>"; };
		B8A3CEEA28E5F75D00A4DC05 /* Бактериальный кератит.pdf */ = {isa = PBXFileReference; lastKnownFileType = image.pdf; path = "Бактериальный кератит.pdf"; sourceTree = "<group>"; };
		B8A3CEEC28E5F92C00A4DC05 /* Розацеа кератит.pdf */ = {isa = PBXFileReference; lastKnownFileType = image.pdf; path = "Розацеа кератит.pdf"; sourceTree = "<group>"; };
		B8A3CEED28E5F92C00A4DC05 /* Кератоконус и кератоглобус.pdf */ = {isa = PBXFileReference; lastKnownFileType = image.pdf; path = "Кератоконус и кератоглобус.pdf"; sourceTree = "<group>"; };
		B8F266652767EB02005BB97D /* офтальмология.app */ = {isa = PBXFileReference; explicitFileType = wrapper.application; includeInIndex = 0; path = "офтальмология.app"; sourceTree = BUILT_PRODUCTS_DIR; };
		B8F266682767EB02005BB97D /* AppDelegate.swift */ = {isa = PBXFileReference; lastKnownFileType = sourcecode.swift; path = AppDelegate.swift; sourceTree = "<group>"; };
		B8F2666A2767EB02005BB97D /* SceneDelegate.swift */ = {isa = PBXFileReference; lastKnownFileType = sourcecode.swift; path = SceneDelegate.swift; sourceTree = "<group>"; };
		B8F2666C2767EB02005BB97D /* ViewController.swift */ = {isa = PBXFileReference; lastKnownFileType = sourcecode.swift; path = ViewController.swift; sourceTree = "<group>"; };
		B8F2666F2767EB02005BB97D /* Base */ = {isa = PBXFileReference; lastKnownFileType = file.storyboard; name = Base; path = Base.lproj/Main.storyboard; sourceTree = "<group>"; };
		B8F266712767EB03005BB97D /* Assets.xcassets */ = {isa = PBXFileReference; lastKnownFileType = folder.assetcatalog; path = Assets.xcassets; sourceTree = "<group>"; };
		B8F266742767EB03005BB97D /* Base */ = {isa = PBXFileReference; lastKnownFileType = file.storyboard; name = Base; path = Base.lproj/LaunchScreen.storyboard; sourceTree = "<group>"; };
		B8F266762767EB03005BB97D /* Info.plist */ = {isa = PBXFileReference; lastKnownFileType = text.plist.xml; path = Info.plist; sourceTree = "<group>"; };
/* End PBXFileReference section */

/* Begin PBXFrameworksBuildPhase section */
		B8F266622767EB02005BB97D /* Frameworks */ = {
			isa = PBXFrameworksBuildPhase;
			buildActionMask = 2147483647;
			files = (
			);
			runOnlyForDeploymentPostprocessing = 0;
		};
/* End PBXFrameworksBuildPhase section */

/* Begin PBXGroup section */
		B85ECF2A28E716CA0095B878 /* Хрусталик */ = {
			isa = PBXGroup;
			children = (
				B85ECF2E28E716E80095B878 /* Афакия и артифакия.pdf */,
				B85ECF2D28E716E80095B878 /* Врожден.pdf */,
				B85ECF2C28E716E80095B878 /* Вывих и подвывих хрусталика.pdf */,
				B85ECF2B28E716E80095B878 /* Приобретен.pdf */,
				B85ECF3328E7176A0095B878 /* VrozdViewController.swift */,
				B85ECF3728E71A910095B878 /* vivixViewController.swift */,
				B85ECF3928E71B9F0095B878 /* VtorKatViewController.swift */,
				B85ECF3528E719030095B878 /* priobrViewController.swift */,
			);
			path = "Хрусталик";
			sourceTree = "<group>";
		};
		B85ECF3B28E8494F0095B878 /* Сетчатка */ = {
			isa = PBXGroup;
			children = (
				B85ECF4028E8497E0095B878 /* Дистрофии сетчатки.pdf */,
				B85ECF3C28E8497E0095B878 /* Опухоли сетчатки.pdf */,
				B85ECF3D28E8497E0095B878 /* Отслойка сетчатки.pdf */,
				B85ECF3E28E8497E0095B878 /* Периферические дегенерации сетчатки.pdf */,
				B85ECF3F28E8497E0095B878 /* Центальная серозная хориоретинопатия.pdf */,
				B85ECF4628E84AD20095B878 /* otsloikaViewController.swift */,
				B85ECF4E28E850540095B878 /* PeriferViewController.swift */,
				B85ECF4A28E84D910095B878 /* OpuxoliSetViewController.swift */,
				B85ECF4C28E84F860095B878 /* abiotrophViewController.swift */,
				B85ECF4828E84C710095B878 /* CenterViewController.swift */,
			);
			path = "Сетчатка";
			sourceTree = "<group>";
		};
		B85ECF5028E8BC8D0095B878 /* Макулопатии */ = {
			isa = PBXGroup;
			children = (
				B85ECF5428E8BCD10095B878 /* АП.pdf */,
				B85ECF6B28E8C2460095B878 /* AngioPolViewController.swift */,
				B85ECF5128E8BCD10095B878 /* вмд.pdf */,
				B85ECF6128E8BD300095B878 /* VMDViewController.swift */,
				B85ECF5328E8BCD10095B878 /* ВМС.pdf */,
				B85ECF7028E8C35E0095B878 /* VMSViewController.swift */,
				B85ECF5528E8BCD10095B878 /* Дегенерации при миопии.pdf */,
				B85ECF6928E8C1240095B878 /* DegMyoViewController.swift */,
				B85ECF5628E8BCD10095B878 /* КМО.pdf */,
				B85ECF6528E8BF2F0095B878 /* KMOViewController.swift */,
				B85ECF5828E8BCD10095B878 /* МР.pdf */,
				B85ECF6328E8BE2A0095B878 /* macRazViewController.swift */,
				B85ECF5728E8BCD10095B878 /* ХС.pdf */,
				B85ECF6D28E8C2F10095B878 /* ChorScladViewController.swift */,
				B85ECF5228E8BCD10095B878 /* ЭМ.pdf */,
				B85ECF6728E8C0970095B878 /* epiRetViewController.swift */,
			);
			path = "Макулопатии";
			sourceTree = "<group>";
		};
		B886272B28DDD97C00D228BB /* Веки */ = {
			isa = PBXGroup;
			children = (
				B886273428DDE2BA00D228BB /* Птоз.pdf */,
				B8A3CEC528E58FFD00A4DC05 /* Патология ресниц.pdf */,
				B8A3CEBD28E58BCB00A4DC05 /* Блефарит.pdf */,
				B8A3CEBB28E58AE400A4DC05 /* Опухоли век.pdf */,
				B8A3CEBF28E58C5900A4DC05 /* BlepharitViewController.swift */,
				B8A3CEB928E5893000A4DC05 /* OpuholiViewController.swift */,
				B8A3CEC128E58E7200A4DC05 /* ResnitsiViewController.swift */,
				B886273228DDDE4F00D228BB /* PtosViewController.swift */,
			);
			path = "Веки";
			sourceTree = "<group>";
		};
		B8A3CEC828E5CBA200A4DC05 /* Оптическая система */ = {
			isa = PBXGroup;
			children = (
				B8A3CECD28E5CBC200A4DC05 /* Астигматизм.pdf */,
				B8A3CEC928E5CBC100A4DC05 /* Гиперметропия.pdf */,
				B8A3CECA28E5CBC100A4DC05 /* Миопия.pdf */,
				B8A3CECB28E5CBC100A4DC05 /* Пресбиопия.pdf */,
				B8A3CECC28E5CBC200A4DC05 /* Спазм аккомодации.pdf */,
				B8A3CED328E5CC6300A4DC05 /* MyopiaViewController.swift */,
				B8A3CED928E5CF5800A4DC05 /* SpasmViewController.swift */,
				B8A3CED728E5CE4F00A4DC05 /* AstigmatismViewController.swift */,
				B8A3CED528E5CD6300A4DC05 /* HypermetropiaViewController.swift */,
			);
			path = "Оптическая система";
			sourceTree = "<group>";
		};
		B8A3CEDB28E5ED5100A4DC05 /* Учебный материал */ = {
			isa = PBXGroup;
			children = (
				B85ECF5028E8BC8D0095B878 /* Макулопатии */,
				B85ECF3B28E8494F0095B878 /* Сетчатка */,
				B85ECF2A28E716CA0095B878 /* Хрусталик */,
				B8A3CEC828E5CBA200A4DC05 /* Оптическая система */,
				B8A3CEDC28E5ED6B00A4DC05 /* Склера */,
				B8A3CEE928E5F3DA00A4DC05 /* Роговица */,
				B886272B28DDD97C00D228BB /* Веки */,
			);
			name = "Учебный материал";
			path = "Учебный материал";
			sourceTree = "<group>";
		};
		B8A3CEDC28E5ED6B00A4DC05 /* Склера */ = {
			isa = PBXGroup;
			children = (
				B8A3CEDD28E5EE5600A4DC05 /* EpiscleritViewController.swift */,
				B8A3CEE528E5EFA300A4DC05 /* ScleritViewController.swift */,
				B8A3CEE728E5F05F00A4DC05 /* ScleraViewController.swift */,
				B8A3CEE128E5EF0500A4DC05 /* Нарушения развития и аномалии склеры.pdf */,
				B8A3CEDF28E5EF0400A4DC05 /* СКЛЕРИТ.pdf */,
				B8A3CEE028E5EF0400A4DC05 /* Эписклерит.pdf */,
			);
			path = "Склера";
			sourceTree = "<group>";
		};
		B8A3CEE928E5F3DA00A4DC05 /* Роговица */ = {
			isa = PBXGroup;
			children = (
				B8A3CEEA28E5F75D00A4DC05 /* Бактериальный кератит.pdf */,
				B8A3CEED28E5F92C00A4DC05 /* Кератоконус и кератоглобус.pdf */,
				B8A3CEEC28E5F92C00A4DC05 /* Розацеа кератит.pdf */,
				B85ECF2328E6BE340095B878 /* KeratitViewController.swift */,
				B85ECF2528E6C29C0095B878 /* konusViewController.swift */,
				B85ECF2728E6C4910095B878 /* rosaViewController.swift */,
			);
			path = "Роговица";
			sourceTree = "<group>";
		};
		B8F2665C2767EB02005BB97D = {
			isa = PBXGroup;
			children = (
				B8F266672767EB02005BB97D /* офтальмология */,
				B8F266662767EB02005BB97D /* Products */,
			);
			sourceTree = "<group>";
		};
		B8F266662767EB02005BB97D /* Products */ = {
			isa = PBXGroup;
			children = (
				B8F266652767EB02005BB97D /* офтальмология.app */,
			);
			name = Products;
			sourceTree = "<group>";
		};
		B8F266672767EB02005BB97D /* офтальмология */ = {
			isa = PBXGroup;
			children = (
				B8A3CEDB28E5ED5100A4DC05 /* Учебный материал */,
				B8F2666A2767EB02005BB97D /* SceneDelegate.swift */,
				B8F266682767EB02005BB97D /* AppDelegate.swift */,
				B8F2666C2767EB02005BB97D /* ViewController.swift */,
				B8F2666E2767EB02005BB97D /* Main.storyboard */,
				B8F266712767EB03005BB97D /* Assets.xcassets */,
				B8F266732767EB03005BB97D /* LaunchScreen.storyboard */,
				B8F266762767EB03005BB97D /* Info.plist */,
			);
			path = "офтальмология";
			sourceTree = "<group>";
		};
/* End PBXGroup section */

/* Begin PBXNativeTarget section */
		B8F266642767EB02005BB97D /* офтальмология */ = {
			isa = PBXNativeTarget;
			buildConfigurationList = B8F266792767EB03005BB97D /* Build configuration list for PBXNativeTarget "офтальмология" */;
			buildPhases = (
				B8F266612767EB02005BB97D /* Sources */,
				B8F266622767EB02005BB97D /* Frameworks */,
				B8F266632767EB02005BB97D /* Resources */,
			);
			buildRules = (
			);
			dependencies = (
			);
			name = "офтальмология";
			productName = "офтальмология";
			productReference = B8F266652767EB02005BB97D /* офтальмология.app */;
			productType = "com.apple.product-type.application";
		};
/* End PBXNativeTarget section */

/* Begin PBXProject section */
		B8F2665D2767EB02005BB97D /* Project object */ = {
			isa = PBXProject;
			attributes = {
				BuildIndependentTargetsInParallel = 1;
				LastSwiftUpdateCheck = 1310;
				LastUpgradeCheck = 1310;
				TargetAttributes = {
					B8F266642767EB02005BB97D = {
						CreatedOnToolsVersion = 13.1;
					};
				};
			};
			buildConfigurationList = B8F266602767EB02005BB97D /* Build configuration list for PBXProject "офтальмология" */;
			compatibilityVersion = "Xcode 13.0";
			developmentRegion = en;
			hasScannedForEncodings = 0;
			knownRegions = (
				en,
				Base,
			);
			mainGroup = B8F2665C2767EB02005BB97D;
			productRefGroup = B8F266662767EB02005BB97D /* Products */;
			projectDirPath = "";
			projectRoot = "";
			targets = (
				B8F266642767EB02005BB97D /* офтальмология */,
			);
		};
/* End PBXProject section */

/* Begin PBXResourcesBuildPhase section */
		B8F266632767EB02005BB97D /* Resources */ = {
			isa = PBXResourcesBuildPhase;
			buildActionMask = 2147483647;
			files = (
				B85ECF6028E8BCD10095B878 /* МР.pdf in Resources */,
				B85ECF5F28E8BCD10095B878 /* ХС.pdf in Resources */,
				B85ECF5B28E8BCD10095B878 /* ВМС.pdf in Resources */,
				B8A3CEC628E58FFD00A4DC05 /* Патология ресниц.pdf in Resources */,
				B886273528DDE2BA00D228BB /* Птоз.pdf in Resources */,
				B85ECF5D28E8BCD10095B878 /* Дегенерации при миопии.pdf in Resources */,
				B8A3CEEE28E5F92C00A4DC05 /* Розацеа кератит.pdf in Resources */,
				B85ECF4528E8497F0095B878 /* Дистрофии сетчатки.pdf in Resources */,
				B8A3CED228E5CBC200A4DC05 /* Астигматизм.pdf in Resources */,
				B85ECF3028E716E80095B878 /* Вывих и подвывих хрусталика.pdf in Resources */,
				B85ECF4428E8497F0095B878 /* Центальная серозная хориоретинопатия.pdf in Resources */,
				B85ECF5A28E8BCD10095B878 /* ЭМ.pdf in Resources */,
				B85ECF5C28E8BCD10095B878 /* АП.pdf in Resources */,
				B8A3CEE228E5EF0500A4DC05 /* СКЛЕРИТ.pdf in Resources */,
				B8A3CEEB28E5F75D00A4DC05 /* Бактериальный кератит.pdf in Resources */,
				B85ECF4328E8497F0095B878 /* Периферические дегенерации сетчатки.pdf in Resources */,
				B8F266752767EB03005BB97D /* LaunchScreen.storyboard in Resources */,
				B85ECF3228E716E80095B878 /* Афакия и артифакия.pdf in Resources */,
				B8A3CEE328E5EF0500A4DC05 /* Эписклерит.pdf in Resources */,
				B8A3CECF28E5CBC200A4DC05 /* Миопия.pdf in Resources */,
				B8A3CED028E5CBC200A4DC05 /* Пресбиопия.pdf in Resources */,
				B8A3CEEF28E5F92C00A4DC05 /* Кератоконус и кератоглобус.pdf in Resources */,
				B8A3CED128E5CBC200A4DC05 /* Спазм аккомодации.pdf in Resources */,
				B85ECF5928E8BCD10095B878 /* вмд.pdf in Resources */,
				B85ECF3128E716E80095B878 /* Врожден.pdf in Resources */,
				B8A3CEBC28E58AE400A4DC05 /* Опухоли век.pdf in Resources */,
				B85ECF5E28E8BCD10095B878 /* КМО.pdf in Resources */,
				B8A3CEE428E5EF0500A4DC05 /* Нарушения развития и аномалии склеры.pdf in Resources */,
				B8CFD576287C2798005B9FF5 /* Assets.xcassets in Resources */,
				B8F266702767EB02005BB97D /* Main.storyboard in Resources */,
				B85ECF4228E8497F0095B878 /* Отслойка сетчатки.pdf in Resources */,
				B8A3CEBE28E58BCB00A4DC05 /* Блефарит.pdf in Resources */,
				B8A3CECE28E5CBC200A4DC05 /* Гиперметропия.pdf in Resources */,
				B85ECF4128E8497F0095B878 /* Опухоли сетчатки.pdf in Resources */,
				B85ECF2F28E716E80095B878 /* Приобретен.pdf in Resources */,
			);
			runOnlyForDeploymentPostprocessing = 0;
		};
/* End PBXResourcesBuildPhase section */

/* Begin PBXSourcesBuildPhase section */
		B8F266612767EB02005BB97D /* Sources */ = {
			isa = PBXSourcesBuildPhase;
			buildActionMask = 2147483647;
			files = (
				B8A3CED828E5CE4F00A4DC05 /* AstigmatismViewController.swift in Sources */,
				B85ECF6828E8C0970095B878 /* epiRetViewController.swift in Sources */,
				B85ECF4928E84C710095B878 /* CenterViewController.swift in Sources */,
				B85ECF6428E8BE2A0095B878 /* macRazViewController.swift in Sources */,
				B8A3CEE628E5EFA300A4DC05 /* ScleritViewController.swift in Sources */,
				B8F2666D2767EB02005BB97D /* ViewController.swift in Sources */,
				B85ECF2628E6C29C0095B878 /* konusViewController.swift in Sources */,
				B85ECF2828E6C4910095B878 /* rosaViewController.swift in Sources */,
				B85ECF4D28E84F860095B878 /* abiotrophViewController.swift in Sources */,
				B886273328DDDE4F00D228BB /* PtosViewController.swift in Sources */,
				B85ECF4F28E850540095B878 /* PeriferViewController.swift in Sources */,
				B85ECF3A28E71B9F0095B878 /* VtorKatViewController.swift in Sources */,
				B85ECF3428E7176A0095B878 /* VrozdViewController.swift in Sources */,
				B85ECF6A28E8C1240095B878 /* DegMyoViewController.swift in Sources */,
				B8A3CEE828E5F05F00A4DC05 /* ScleraViewController.swift in Sources */,
				B85ECF6C28E8C2460095B878 /* AngioPolViewController.swift in Sources */,
				B8A3CEDA28E5CF5800A4DC05 /* SpasmViewController.swift in Sources */,
				B85ECF4728E84AD20095B878 /* otsloikaViewController.swift in Sources */,
				B8A3CEDE28E5EE5600A4DC05 /* EpiscleritViewController.swift in Sources */,
				B8A3CEC228E58E7200A4DC05 /* ResnitsiViewController.swift in Sources */,
				B8A3CED628E5CD6300A4DC05 /* HypermetropiaViewController.swift in Sources */,
				B8A3CED428E5CC6300A4DC05 /* MyopiaViewController.swift in Sources */,
				B85ECF3828E71A910095B878 /* vivixViewController.swift in Sources */,
				B85ECF7128E8C35E0095B878 /* VMSViewController.swift in Sources */,
				B85ECF6628E8BF2F0095B878 /* KMOViewController.swift in Sources */,
				B8A3CEC028E58C5900A4DC05 /* BlepharitViewController.swift in Sources */,
				B8A3CEBA28E5893000A4DC05 /* OpuholiViewController.swift in Sources */,
				B8F266692767EB02005BB97D /* AppDelegate.swift in Sources */,
				B85ECF4B28E84D910095B878 /* OpuxoliSetViewController.swift in Sources */,
				B85ECF3628E719030095B878 /* priobrViewController.swift in Sources */,
				B85ECF6E28E8C2F10095B878 /* ChorScladViewController.swift in Sources */,
				B8F2666B2767EB02005BB97D /* SceneDelegate.swift in Sources */,
				B85ECF6228E8BD300095B878 /* VMDViewController.swift in Sources */,
				B85ECF2428E6BE340095B878 /* KeratitViewController.swift in Sources */,
			);
			runOnlyForDeploymentPostprocessing = 0;
		};
/* End PBXSourcesBuildPhase section */

/* Begin PBXVariantGroup section */
		B8F2666E2767EB02005BB97D /* Main.storyboard */ = {
			isa = PBXVariantGroup;
			children = (
				B8F2666F2767EB02005BB97D /* Base */,
			);
			name = Main.storyboard;
			sourceTree = "<group>";
		};
		B8F266732767EB03005BB97D /* LaunchScreen.storyboard */ = {
			isa = PBXVariantGroup;
			children = (
				B8F266742767EB03005BB97D /* Base */,
			);
			name = LaunchScreen.storyboard;
			sourceTree = "<group>";
		};
/* End PBXVariantGroup section */

/* Begin XCBuildConfiguration section */
		B8F266772767EB03005BB97D /* Debug */ = {
			isa = XCBuildConfiguration;
			buildSettings = {
				ALWAYS_SEARCH_USER_PATHS = NO;
				CLANG_ANALYZER_NONNULL = YES;
				CLANG_ANALYZER_NUMBER_OBJECT_CONVERSION = YES_AGGRESSIVE;
				CLANG_CXX_LANGUAGE_STANDARD = "gnu++17";
				CLANG_CXX_LIBRARY = "libc++";
				CLANG_ENABLE_MODULES = YES;
				CLANG_ENABLE_OBJC_ARC = YES;
				CLANG_ENABLE_OBJC_WEAK = YES;
				CLANG_WARN_BLOCK_CAPTURE_AUTORELEASING = YES;
				CLANG_WARN_BOOL_CONVERSION = YES;
				CLANG_WARN_COMMA = YES;
				CLANG_WARN_CONSTANT_CONVERSION = YES;
				CLANG_WARN_DEPRECATED_OBJC_IMPLEMENTATIONS = YES;
				CLANG_WARN_DIRECT_OBJC_ISA_USAGE = YES_ERROR;
				CLANG_WARN_DOCUMENTATION_COMMENTS = YES;
				CLANG_WARN_EMPTY_BODY = YES;
				CLANG_WARN_ENUM_CONVERSION = YES;
				CLANG_WARN_INFINITE_RECURSION = YES;
				CLANG_WARN_INT_CONVERSION = YES;
				CLANG_WARN_NON_LITERAL_NULL_CONVERSION = YES;
				CLANG_WARN_OBJC_IMPLICIT_RETAIN_SELF = YES;
				CLANG_WARN_OBJC_LITERAL_CONVERSION = YES;
				CLANG_WARN_OBJC_ROOT_CLASS = YES_ERROR;
				CLANG_WARN_QUOTED_INCLUDE_IN_FRAMEWORK_HEADER = YES;
				CLANG_WARN_RANGE_LOOP_ANALYSIS = YES;
				CLANG_WARN_STRICT_PROTOTYPES = YES;
				CLANG_WARN_SUSPICIOUS_MOVE = YES;
				CLANG_WARN_UNGUARDED_AVAILABILITY = YES_AGGRESSIVE;
				CLANG_WARN_UNREACHABLE_CODE = YES;
				CLANG_WARN__DUPLICATE_METHOD_MATCH = YES;
				COPY_PHASE_STRIP = NO;
				DEBUG_INFORMATION_FORMAT = dwarf;
				ENABLE_STRICT_OBJC_MSGSEND = YES;
				ENABLE_TESTABILITY = YES;
				GCC_C_LANGUAGE_STANDARD = gnu11;
				GCC_DYNAMIC_NO_PIC = NO;
				GCC_NO_COMMON_BLOCKS = YES;
				GCC_OPTIMIZATION_LEVEL = 0;
				GCC_PREPROCESSOR_DEFINITIONS = (
					"DEBUG=1",
					"$(inherited)",
				);
				GCC_WARN_64_TO_32_BIT_CONVERSION = YES;
				GCC_WARN_ABOUT_RETURN_TYPE = YES_ERROR;
				GCC_WARN_UNDECLARED_SELECTOR = YES;
				GCC_WARN_UNINITIALIZED_AUTOS = YES_AGGRESSIVE;
				GCC_WARN_UNUSED_FUNCTION = YES;
				GCC_WARN_UNUSED_VARIABLE = YES;
				IPHONEOS_DEPLOYMENT_TARGET = 15.0;
				MTL_ENABLE_DEBUG_INFO = INCLUDE_SOURCE;
				MTL_FAST_MATH = YES;
				ONLY_ACTIVE_ARCH = YES;
				SDKROOT = iphoneos;
				SWIFT_ACTIVE_COMPILATION_CONDITIONS = DEBUG;
				SWIFT_OPTIMIZATION_LEVEL = "-Onone";
			};
			name = Debug;
		};
		B8F266782767EB03005BB97D /* Release */ = {
			isa = XCBuildConfiguration;
			buildSettings = {
				ALWAYS_SEARCH_USER_PATHS = NO;
				CLANG_ANALYZER_NONNULL = YES;
				CLANG_ANALYZER_NUMBER_OBJECT_CONVERSION = YES_AGGRESSIVE;
				CLANG_CXX_LANGUAGE_STANDARD = "gnu++17";
				CLANG_CXX_LIBRARY = "libc++";
				CLANG_ENABLE_MODULES = YES;
				CLANG_ENABLE_OBJC_ARC = YES;
				CLANG_ENABLE_OBJC_WEAK = YES;
				CLANG_WARN_BLOCK_CAPTURE_AUTORELEASING = YES;
				CLANG_WARN_BOOL_CONVERSION = YES;
				CLANG_WARN_COMMA = YES;
				CLANG_WARN_CONSTANT_CONVERSION = YES;
				CLANG_WARN_DEPRECATED_OBJC_IMPLEMENTATIONS = YES;
				CLANG_WARN_DIRECT_OBJC_ISA_USAGE = YES_ERROR;
				CLANG_WARN_DOCUMENTATION_COMMENTS = YES;
				CLANG_WARN_EMPTY_BODY = YES;
				CLANG_WARN_ENUM_CONVERSION = YES;
				CLANG_WARN_INFINITE_RECURSION = YES;
				CLANG_WARN_INT_CONVERSION = YES;
				CLANG_WARN_NON_LITERAL_NULL_CONVERSION = YES;
				CLANG_WARN_OBJC_IMPLICIT_RETAIN_SELF = YES;
				CLANG_WARN_OBJC_LITERAL_CONVERSION = YES;
				CLANG_WARN_OBJC_ROOT_CLASS = YES_ERROR;
				CLANG_WARN_QUOTED_INCLUDE_IN_FRAMEWORK_HEADER = YES;
				CLANG_WARN_RANGE_LOOP_ANALYSIS = YES;
				CLANG_WARN_STRICT_PROTOTYPES = YES;
				CLANG_WARN_SUSPICIOUS_MOVE = YES;
				CLANG_WARN_UNGUARDED_AVAILABILITY = YES_AGGRESSIVE;
				CLANG_WARN_UNREACHABLE_CODE = YES;
				CLANG_WARN__DUPLICATE_METHOD_MATCH = YES;
				COPY_PHASE_STRIP = NO;
				DEBUG_INFORMATION_FORMAT = "dwarf-with-dsym";
				ENABLE_NS_ASSERTIONS = NO;
				ENABLE_STRICT_OBJC_MSGSEND = YES;
				GCC_C_LANGUAGE_STANDARD = gnu11;
				GCC_NO_COMMON_BLOCKS = YES;
				GCC_WARN_64_TO_32_BIT_CONVERSION = YES;
				GCC_WARN_ABOUT_RETURN_TYPE = YES_ERROR;
				GCC_WARN_UNDECLARED_SELECTOR = YES;
				GCC_WARN_UNINITIALIZED_AUTOS = YES_AGGRESSIVE;
				GCC_WARN_UNUSED_FUNCTION = YES;
				GCC_WARN_UNUSED_VARIABLE = YES;
				IPHONEOS_DEPLOYMENT_TARGET = 15.0;
				MTL_ENABLE_DEBUG_INFO = NO;
				MTL_FAST_MATH = YES;
				SDKROOT = iphoneos;
				SWIFT_COMPILATION_MODE = wholemodule;
				SWIFT_OPTIMIZATION_LEVEL = "-O";
				VALIDATE_PRODUCT = YES;
			};
			name = Release;
		};
		B8F2667A2767EB03005BB97D /* Debug */ = {
			isa = XCBuildConfiguration;
			buildSettings = {
				ASSETCATALOG_COMPILER_APPICON_NAME = AppIcon;
				ASSETCATALOG_COMPILER_GLOBAL_ACCENT_COLOR_NAME = AccentColor;
				ASSETCATALOG_COMPILER_INCLUDE_ALL_APPICON_ASSETS = NO;
				CODE_SIGN_STYLE = Automatic;
				CURRENT_PROJECT_VERSION = 1;
				DEVELOPMENT_TEAM = 228W86TPW3;
				GENERATE_INFOPLIST_FILE = YES;
				INFOPLIST_FILE = "офтальмология/Info.plist";
				INFOPLIST_KEY_CFBundleDisplayName = "Офтальмология";
				INFOPLIST_KEY_UIApplicationSupportsIndirectInputEvents = YES;
				INFOPLIST_KEY_UILaunchStoryboardName = LaunchScreen;
				INFOPLIST_KEY_UIMainStoryboardFile = Main;
				INFOPLIST_KEY_UISupportedInterfaceOrientations = UIInterfaceOrientationPortrait;
				INFOPLIST_KEY_UISupportedInterfaceOrientations_iPad = "UIInterfaceOrientationPortrait UIInterfaceOrientationPortraitUpsideDown UIInterfaceOrientationLandscapeLeft UIInterfaceOrientationLandscapeRight";
				INFOPLIST_KEY_UISupportedInterfaceOrientations_iPhone = "UIInterfaceOrientationPortrait UIInterfaceOrientationLandscapeLeft UIInterfaceOrientationLandscapeRight";
				IPHONEOS_DEPLOYMENT_TARGET = 15.0;
				LD_RUNPATH_SEARCH_PATHS = (
					"$(inherited)",
					"@executable_path/Frameworks",
				);
				MARKETING_VERSION = 1.0;
				PRODUCT_BUNDLE_IDENTIFIER = "Mirzakhanov.islam.-------------";
				PRODUCT_NAME = "$(TARGET_NAME)";
				SWIFT_EMIT_LOC_STRINGS = YES;
				SWIFT_VERSION = 5.0;
				TARGETED_DEVICE_FAMILY = "1,2";
			};
			name = Debug;
		};
		B8F2667B2767EB03005BB97D /* Release */ = {
			isa = XCBuildConfiguration;
			buildSettings = {
				ASSETCATALOG_COMPILER_APPICON_NAME = AppIcon;
				ASSETCATALOG_COMPILER_GLOBAL_ACCENT_COLOR_NAME = AccentColor;
				ASSETCATALOG_COMPILER_INCLUDE_ALL_APPICON_ASSETS = NO;
				CODE_SIGN_STYLE = Automatic;
				CURRENT_PROJECT_VERSION = 1;
				DEVELOPMENT_TEAM = 228W86TPW3;
				GENERATE_INFOPLIST_FILE = YES;
				INFOPLIST_FILE = "офтальмология/Info.plist";
				INFOPLIST_KEY_CFBundleDisplayName = "Офтальмология";
				INFOPLIST_KEY_UIApplicationSupportsIndirectInputEvents = YES;
				INFOPLIST_KEY_UILaunchStoryboardName = LaunchScreen;
				INFOPLIST_KEY_UIMainStoryboardFile = Main;
				INFOPLIST_KEY_UISupportedInterfaceOrientations = UIInterfaceOrientationPortrait;
				INFOPLIST_KEY_UISupportedInterfaceOrientations_iPad = "UIInterfaceOrientationPortrait UIInterfaceOrientationPortraitUpsideDown UIInterfaceOrientationLandscapeLeft UIInterfaceOrientationLandscapeRight";
				INFOPLIST_KEY_UISupportedInterfaceOrientations_iPhone = "UIInterfaceOrientationPortrait UIInterfaceOrientationLandscapeLeft UIInterfaceOrientationLandscapeRight";
				IPHONEOS_DEPLOYMENT_TARGET = 15.0;
				LD_RUNPATH_SEARCH_PATHS = (
					"$(inherited)",
					"@executable_path/Frameworks",
				);
				MARKETING_VERSION = 1.0;
				PRODUCT_BUNDLE_IDENTIFIER = "Mirzakhanov.islam.-------------";
				PRODUCT_NAME = "$(TARGET_NAME)";
				SWIFT_EMIT_LOC_STRINGS = YES;
				SWIFT_VERSION = 5.0;
				TARGETED_DEVICE_FAMILY = "1,2";
			};
			name = Release;
		};
/* End XCBuildConfiguration section */

/* Begin XCConfigurationList section */
		B8F266602767EB02005BB97D /* Build configuration list for PBXProject "офтальмология" */ = {
			isa = XCConfigurationList;
			buildConfigurations = (
				B8F266772767EB03005BB97D /* Debug */,
				B8F266782767EB03005BB97D /* Release */,
			);
			defaultConfigurationIsVisible = 0;
			defaultConfigurationName = Release;
		};
		B8F266792767EB03005BB97D /* Build configuration list for PBXNativeTarget "офтальмология" */ = {
			isa = XCConfigurationList;
			buildConfigurations = (
				B8F2667A2767EB03005BB97D /* Debug */,
				B8F2667B2767EB03005BB97D /* Release */,
			);
			defaultConfigurationIsVisible = 0;
			defaultConfigurationName = Release;
		};
/* End XCConfigurationList section */
	};
	rootObject = B8F2665D2767EB02005BB97D /* Project object */;
}
